
Microsoft Visual Studio Solution File, Format Version 12.00
# Visual Studio 15
VisualStudioVersion = 15.0.27130.2027
MinimumVisualStudioVersion = 10.0.40219.1
Project("{8BC9CEB8-8B4A-11D0-8D11-00A0C91BC942}") = "toaster", "toaster\toaster.vcxproj", "{2D4FC000-01E2-4FDD-B01A-4FD3C59D245D}"
	ProjectSection(ProjectDependencies) = postProject
		{ADFC4322-5F0E-5BFD-83DA-19B35EFD513B} = {ADFC4322-5F0E-5BFD-83DA-19B35EFD513B}
	EndProjectSection
EndProject
Project("{8BC9CEB8-8B4A-11D0-8D11-00A0C91BC942}") = "RpcServer", "Service\RpcServer.vcxproj", "{ADFC4322-5F0E-5BFD-83DA-19B35EFD513B}"
EndProject
Project("{8BC9CEB8-8B4A-11D0-8D11-00A0C91BC942}") = "Super Toaster", "Super Toaster\Super Toaster.vcxproj", "{A5218965-39AD-4D7B-8251-737305A6DEFB}"
EndProject
Project("{8BC9CEB8-8B4A-11D0-8D11-00A0C91BC942}") = "Toaster Component", "Toaster Component\Toaster Component.vcxproj", "{57677959-35A3-4CC5-985D-727A7344B94A}"
EndProject
Global
	GlobalSection(SolutionConfigurationPlatforms) = preSolution
		Debug|ARM = Debug|ARM
		Debug|ARM64 = Debug|ARM64
		Debug|x64 = Debug|x64
		Debug|x86 = Debug|x86
		Release|ARM = Release|ARM
		Release|ARM64 = Release|ARM64
		Release|x64 = Release|x64
		Release|x86 = Release|x86
	EndGlobalSection
	GlobalSection(ProjectConfigurationPlatforms) = postSolution
		{2D4FC000-01E2-4FDD-B01A-4FD3C59D245D}.Debug|ARM.ActiveCfg = Debug|ARM
		{2D4FC000-01E2-4FDD-B01A-4FD3C59D245D}.Debug|ARM.Build.0 = Debug|ARM
		{2D4FC000-01E2-4FDD-B01A-4FD3C59D245D}.Debug|ARM64.ActiveCfg = Debug|ARM64
		{2D4FC000-01E2-4FDD-B01A-4FD3C59D245D}.Debug|ARM64.Build.0 = Debug|ARM64
		{2D4FC000-01E2-4FDD-B01A-4FD3C59D245D}.Debug|x64.ActiveCfg = Debug|x64
		{2D4FC000-01E2-4FDD-B01A-4FD3C59D245D}.Debug|x64.Build.0 = Debug|x64
		{2D4FC000-01E2-4FDD-B01A-4FD3C59D245D}.Debug|x86.ActiveCfg = Debug|Win32
		{2D4FC000-01E2-4FDD-B01A-4FD3C59D245D}.Debug|x86.Build.0 = Debug|Win32
		{2D4FC000-01E2-4FDD-B01A-4FD3C59D245D}.Release|ARM.ActiveCfg = Release|ARM
		{2D4FC000-01E2-4FDD-B01A-4FD3C59D245D}.Release|ARM.Build.0 = Release|ARM
		{2D4FC000-01E2-4FDD-B01A-4FD3C59D245D}.Release|ARM64.ActiveCfg = Release|ARM64
		{2D4FC000-01E2-4FDD-B01A-4FD3C59D245D}.Release|ARM64.Build.0 = Release|ARM64
		{2D4FC000-01E2-4FDD-B01A-4FD3C59D245D}.Release|x64.ActiveCfg = Release|x64
		{2D4FC000-01E2-4FDD-B01A-4FD3C59D245D}.Release|x64.Build.0 = Release|x64
		{2D4FC000-01E2-4FDD-B01A-4FD3C59D245D}.Release|x86.ActiveCfg = Release|Win32
		{2D4FC000-01E2-4FDD-B01A-4FD3C59D245D}.Release|x86.Build.0 = Release|Win32
		{ADFC4322-5F0E-5BFD-83DA-19B35EFD513B}.Debug|ARM.ActiveCfg = Debug|ARM
		{ADFC4322-5F0E-5BFD-83DA-19B35EFD513B}.Debug|ARM.Build.0 = Debug|ARM
		{ADFC4322-5F0E-5BFD-83DA-19B35EFD513B}.Debug|ARM64.ActiveCfg = Debug|Win32
		{ADFC4322-5F0E-5BFD-83DA-19B35EFD513B}.Debug|x64.ActiveCfg = Debug|x64
		{ADFC4322-5F0E-5BFD-83DA-19B35EFD513B}.Debug|x64.Build.0 = Debug|x64
		{ADFC4322-5F0E-5BFD-83DA-19B35EFD513B}.Debug|x86.ActiveCfg = Debug|Win32
		{ADFC4322-5F0E-5BFD-83DA-19B35EFD513B}.Debug|x86.Build.0 = Debug|Win32
		{ADFC4322-5F0E-5BFD-83DA-19B35EFD513B}.Release|ARM.ActiveCfg = Release|ARM
		{ADFC4322-5F0E-5BFD-83DA-19B35EFD513B}.Release|ARM.Build.0 = Release|ARM
		{ADFC4322-5F0E-5BFD-83DA-19B35EFD513B}.Release|ARM64.ActiveCfg = Release|Win32
		{ADFC4322-5F0E-5BFD-83DA-19B35EFD513B}.Release|x64.ActiveCfg = Release|x64
		{ADFC4322-5F0E-5BFD-83DA-19B35EFD513B}.Release|x64.Build.0 = Release|x64
		{ADFC4322-5F0E-5BFD-83DA-19B35EFD513B}.Release|x86.ActiveCfg = Release|Win32
		{ADFC4322-5F0E-5BFD-83DA-19B35EFD513B}.Release|x86.Build.0 = Release|Win32
		{A5218965-39AD-4D7B-8251-737305A6DEFB}.Debug|ARM.ActiveCfg = Debug|ARM
		{A5218965-39AD-4D7B-8251-737305A6DEFB}.Debug|ARM.Build.0 = Debug|ARM
		{A5218965-39AD-4D7B-8251-737305A6DEFB}.Debug|ARM.Deploy.0 = Debug|ARM
		{A5218965-39AD-4D7B-8251-737305A6DEFB}.Debug|ARM64.ActiveCfg = Debug|ARM64
		{A5218965-39AD-4D7B-8251-737305A6DEFB}.Debug|ARM64.Build.0 = Debug|ARM64
		{A5218965-39AD-4D7B-8251-737305A6DEFB}.Debug|ARM64.Deploy.0 = Debug|ARM64
		{A5218965-39AD-4D7B-8251-737305A6DEFB}.Debug|x64.ActiveCfg = Debug|x64
		{A5218965-39AD-4D7B-8251-737305A6DEFB}.Debug|x64.Build.0 = Debug|x64
		{A5218965-39AD-4D7B-8251-737305A6DEFB}.Debug|x64.Deploy.0 = Debug|x64
		{A5218965-39AD-4D7B-8251-737305A6DEFB}.Debug|x86.ActiveCfg = Debug|Win32
		{A5218965-39AD-4D7B-8251-737305A6DEFB}.Debug|x86.Build.0 = Debug|Win32
		{A5218965-39AD-4D7B-8251-737305A6DEFB}.Debug|x86.Deploy.0 = Debug|Win32
		{A5218965-39AD-4D7B-8251-737305A6DEFB}.Release|ARM.ActiveCfg = Release|ARM
		{A5218965-39AD-4D7B-8251-737305A6DEFB}.Release|ARM.Build.0 = Release|ARM
		{A5218965-39AD-4D7B-8251-737305A6DEFB}.Release|ARM.Deploy.0 = Release|ARM
		{A5218965-39AD-4D7B-8251-737305A6DEFB}.Release|ARM64.ActiveCfg = Release|ARM64
		{A5218965-39AD-4D7B-8251-737305A6DEFB}.Release|ARM64.Build.0 = Release|ARM64
		{A5218965-39AD-4D7B-8251-737305A6DEFB}.Release|ARM64.Deploy.0 = Release|ARM64
		{A5218965-39AD-4D7B-8251-737305A6DEFB}.Release|x64.ActiveCfg = Release|x64
		{A5218965-39AD-4D7B-8251-737305A6DEFB}.Release|x64.Build.0 = Release|x64
		{A5218965-39AD-4D7B-8251-737305A6DEFB}.Release|x64.Deploy.0 = Release|x64
		{A5218965-39AD-4D7B-8251-737305A6DEFB}.Release|x86.ActiveCfg = Release|Win32
		{A5218965-39AD-4D7B-8251-737305A6DEFB}.Release|x86.Build.0 = Release|Win32
		{A5218965-39AD-4D7B-8251-737305A6DEFB}.Release|x86.Deploy.0 = Release|Win32
		{57677959-35A3-4CC5-985D-727A7344B94A}.Debug|ARM.ActiveCfg = Debug|ARM
		{57677959-35A3-4CC5-985D-727A7344B94A}.Debug|ARM.Build.0 = Debug|ARM
		{57677959-35A3-4CC5-985D-727A7344B94A}.Debug|ARM.Deploy.0 = Debug|ARM
		{57677959-35A3-4CC5-985D-727A7344B94A}.Debug|ARM64.ActiveCfg = Debug|ARM64
		{57677959-35A3-4CC5-985D-727A7344B94A}.Debug|ARM64.Build.0 = Debug|ARM64
		{57677959-35A3-4CC5-985D-727A7344B94A}.Debug|ARM64.Deploy.0 = Debug|ARM64
		{57677959-35A3-4CC5-985D-727A7344B94A}.Debug|x64.ActiveCfg = Debug|x64
		{57677959-35A3-4CC5-985D-727A7344B94A}.Debug|x64.Build.0 = Debug|x64
		{57677959-35A3-4CC5-985D-727A7344B94A}.Debug|x64.Deploy.0 = Debug|x64
		{57677959-35A3-4CC5-985D-727A7344B94A}.Debug|x86.ActiveCfg = Debug|Win32
		{57677959-35A3-4CC5-985D-727A7344B94A}.Debug|x86.Build.0 = Debug|Win32
		{57677959-35A3-4CC5-985D-727A7344B94A}.Debug|x86.Deploy.0 = Debug|Win32
		{57677959-35A3-4CC5-985D-727A7344B94A}.Release|ARM.ActiveCfg = Release|ARM
		{57677959-35A3-4CC5-985D-727A7344B94A}.Release|ARM.Build.0 = Release|ARM
		{57677959-35A3-4CC5-985D-727A7344B94A}.Release|ARM.Deploy.0 = Release|ARM
		{57677959-35A3-4CC5-985D-727A7344B94A}.Release|ARM64.ActiveCfg = Release|ARM64
		{57677959-35A3-4CC5-985D-727A7344B94A}.Release|ARM64.Build.0 = Release|ARM64
		{57677959-35A3-4CC5-985D-727A7344B94A}.Release|ARM64.Deploy.0 = Release|ARM64
		{57677959-35A3-4CC5-985D-727A7344B94A}.Release|x64.ActiveCfg = Release|x64
		{57677959-35A3-4CC5-985D-727A7344B94A}.Release|x64.Build.0 = Release|x64
		{57677959-35A3-4CC5-985D-727A7344B94A}.Release|x64.Deploy.0 = Release|x64
		{57677959-35A3-4CC5-985D-727A7344B94A}.Release|x86.ActiveCfg = Release|Win32
		{57677959-35A3-4CC5-985D-727A7344B94A}.Release|x86.Build.0 = Release|Win32
		{57677959-35A3-4CC5-985D-727A7344B94A}.Release|x86.Deploy.0 = Release|Win32
	EndGlobalSection
	GlobalSection(SolutionProperties) = preSolution
		HideSolutionNode = FALSE
	EndGlobalSection
	GlobalSection(ExtensibilityGlobals) = postSolution
		SolutionGuid = {B63AE557-E09A-41D4-B702-E5E0C41592D6}
	EndGlobalSection
EndGlobal
